
Microsoft Visual Studio Solution File, Format Version 12.00
# Visual Studio Version 16
VisualStudioVersion = 16.0.30420.98
MinimumVisualStudioVersion = 10.0.40219.1
Project("{9092AA53-FB77-4645-B42D-1CCCA6BD08BD}") = "Datos", "Datos\Datos.njsproj", "{02E5F561-1701-4838-B20E-30B3F93353D8}"
EndProject
Project("{9092AA53-FB77-4645-B42D-1CCCA6BD08BD}") = "Entidades", "Entidades\Entidades.njsproj", "{EAE085BA-5C78-4D1D-96FC-B835EB1C312E}"
EndProject
Global
	GlobalSection(SolutionConfigurationPlatforms) = preSolution
		Debug|Any CPU = Debug|Any CPU
		Release|Any CPU = Release|Any CPU
	EndGlobalSection
	GlobalSection(ProjectConfigurationPlatforms) = postSolution
		{02E5F561-1701-4838-B20E-30B3F93353D8}.Debug|Any CPU.ActiveCfg = Debug|Any CPU
		{02E5F561-1701-4838-B20E-30B3F93353D8}.Debug|Any CPU.Build.0 = Debug|Any CPU
		{02E5F561-1701-4838-B20E-30B3F93353D8}.Release|Any CPU.ActiveCfg = Release|Any CPU
		{02E5F561-1701-4838-B20E-30B3F93353D8}.Release|Any CPU.Build.0 = Release|Any CPU
		{EAE085BA-5C78-4D1D-96FC-B835EB1C312E}.Debug|Any CPU.ActiveCfg = Debug|Any CPU
		{EAE085BA-5C78-4D1D-96FC-B835EB1C312E}.Debug|Any CPU.Build.0 = Debug|Any CPU
		{EAE085BA-5C78-4D1D-96FC-B835EB1C312E}.Release|Any CPU.ActiveCfg = Release|Any CPU
		{EAE085BA-5C78-4D1D-96FC-B835EB1C312E}.Release|Any CPU.Build.0 = Release|Any CPU
	EndGlobalSection
	GlobalSection(SolutionProperties) = preSolution
		HideSolutionNode = FALSE
	EndGlobalSection
	GlobalSection(ExtensibilityGlobals) = postSolution
		SolutionGuid = {37F95F64-D9FF-4640-89BA-8DE3FDE8558B}
	EndGlobalSection
EndGlobal
