{
  "name": "testing-patrones",
  "version": "0.0.0",
  "lockfileVersion": 1,
  "requires": true,
  "dependencies": {
    "testingpatternss": {
      "version": "0.0.2",
      "resolved": "https://registry.npmjs.org/testingpatternss/-/testingpatternss-0.0.2.tgz",
      "integrity": "sha512-tA6W+NWc7FYwJR5UGWHlMsB5ZUW5fo+xJ1kPKm6lmMgsHIWVpwcdtAvQUv0Q4zrGlUm8omASaNC7xMnkP9rozw=="
    }
  }
}
