
Microsoft Visual Studio Solution File, Format Version 12.00
# Visual Studio 15
VisualStudioVersion = 15.0.28307.438
MinimumVisualStudioVersion = 10.0.40219.1
Project("{9092AA53-FB77-4645-B42D-1CCCA6BD08BD}") = "Elektron", "Elektron\Elektron.njsproj", "{EC397C44-97E1-4A07-AB6F-D71D4ADE26F6}"
EndProject
Global
	GlobalSection(SolutionConfigurationPlatforms) = preSolution
		Debug|Any CPU = Debug|Any CPU
		Release|Any CPU = Release|Any CPU
	EndGlobalSection
	GlobalSection(ProjectConfigurationPlatforms) = postSolution
		{EC397C44-97E1-4A07-AB6F-D71D4ADE26F6}.Debug|Any CPU.ActiveCfg = Debug|Any CPU
		{EC397C44-97E1-4A07-AB6F-D71D4ADE26F6}.Debug|Any CPU.Build.0 = Debug|Any CPU
		{EC397C44-97E1-4A07-AB6F-D71D4ADE26F6}.Release|Any CPU.ActiveCfg = Release|Any CPU
		{EC397C44-97E1-4A07-AB6F-D71D4ADE26F6}.Release|Any CPU.Build.0 = Release|Any CPU
	EndGlobalSection
	GlobalSection(SolutionProperties) = preSolution
		HideSolutionNode = FALSE
	EndGlobalSection
	GlobalSection(ExtensibilityGlobals) = postSolution
		SolutionGuid = {F744A817-E9D8-4B24-AF40-21CF9610689C}
	EndGlobalSection
EndGlobal
