
Microsoft Visual Studio Solution File, Format Version 12.00
# Visual Studio Version 16
VisualStudioVersion = 16.0.30626.31
MinimumVisualStudioVersion = 10.0.40219.1
Project("{9092AA53-FB77-4645-B42D-1CCCA6BD08BD}") = "VuejsTypescript", "VuejsTypescript\VuejsTypescript.njsproj", "{3940F752-EDE6-4E6F-8C20-3B76213260BB}"
EndProject
Global
	GlobalSection(SolutionConfigurationPlatforms) = preSolution
		Debug|Any CPU = Debug|Any CPU
		Release|Any CPU = Release|Any CPU
	EndGlobalSection
	GlobalSection(ProjectConfigurationPlatforms) = postSolution
		{3940F752-EDE6-4E6F-8C20-3B76213260BB}.Debug|Any CPU.ActiveCfg = Debug|Any CPU
		{3940F752-EDE6-4E6F-8C20-3B76213260BB}.Debug|Any CPU.Build.0 = Debug|Any CPU
		{3940F752-EDE6-4E6F-8C20-3B76213260BB}.Release|Any CPU.ActiveCfg = Release|Any CPU
		{3940F752-EDE6-4E6F-8C20-3B76213260BB}.Release|Any CPU.Build.0 = Release|Any CPU
	EndGlobalSection
	GlobalSection(SolutionProperties) = preSolution
		HideSolutionNode = FALSE
	EndGlobalSection
	GlobalSection(ExtensibilityGlobals) = postSolution
		SolutionGuid = {B8F62A96-07A2-4362-91C8-C9D141DF0500}
	EndGlobalSection
EndGlobal
