
Microsoft Visual Studio Solution File, Format Version 12.00
# Visual Studio Version 16
VisualStudioVersion = 16.0.30428.66
MinimumVisualStudioVersion = 10.0.40219.1
Project("{9092AA53-FB77-4645-B42D-1CCCA6BD08BD}") = "Expo", "Expo\Expo.njsproj", "{4D8C3ABE-0E3A-464E-9610-DD77A10FB3B2}"
EndProject
Global
	GlobalSection(SolutionConfigurationPlatforms) = preSolution
		Debug|Any CPU = Debug|Any CPU
		Release|Any CPU = Release|Any CPU
	EndGlobalSection
	GlobalSection(ProjectConfigurationPlatforms) = postSolution
		{4D8C3ABE-0E3A-464E-9610-DD77A10FB3B2}.Debug|Any CPU.ActiveCfg = Debug|Any CPU
		{4D8C3ABE-0E3A-464E-9610-DD77A10FB3B2}.Debug|Any CPU.Build.0 = Debug|Any CPU
		{4D8C3ABE-0E3A-464E-9610-DD77A10FB3B2}.Release|Any CPU.ActiveCfg = Release|Any CPU
		{4D8C3ABE-0E3A-464E-9610-DD77A10FB3B2}.Release|Any CPU.Build.0 = Release|Any CPU
	EndGlobalSection
	GlobalSection(SolutionProperties) = preSolution
		HideSolutionNode = FALSE
	EndGlobalSection
	GlobalSection(ExtensibilityGlobals) = postSolution
		SolutionGuid = {8DB5375A-E847-404C-A299-8082234E32CB}
	EndGlobalSection
EndGlobal
