
Microsoft Visual Studio Solution File, Format Version 12.00
# Visual Studio Version 16
VisualStudioVersion = 16.0.30709.64
MinimumVisualStudioVersion = 10.0.40219.1
Project("{9092AA53-FB77-4645-B42D-1CCCA6BD08BD}") = "ProgrammingExercises", "ProgrammingExercises\ProgrammingExercises.njsproj", "{51B1F8A0-64D6-4AE0-A658-BCACA496D3DF}"
EndProject
Global
	GlobalSection(SolutionConfigurationPlatforms) = preSolution
		Debug|Any CPU = Debug|Any CPU
		Release|Any CPU = Release|Any CPU
	EndGlobalSection
	GlobalSection(ProjectConfigurationPlatforms) = postSolution
		{51B1F8A0-64D6-4AE0-A658-BCACA496D3DF}.Debug|Any CPU.ActiveCfg = Debug|Any CPU
		{51B1F8A0-64D6-4AE0-A658-BCACA496D3DF}.Debug|Any CPU.Build.0 = Debug|Any CPU
		{51B1F8A0-64D6-4AE0-A658-BCACA496D3DF}.Release|Any CPU.ActiveCfg = Release|Any CPU
		{51B1F8A0-64D6-4AE0-A658-BCACA496D3DF}.Release|Any CPU.Build.0 = Release|Any CPU
	EndGlobalSection
	GlobalSection(SolutionProperties) = preSolution
		HideSolutionNode = FALSE
	EndGlobalSection
	GlobalSection(ExtensibilityGlobals) = postSolution
		SolutionGuid = {0F2B1053-4251-4416-8AD8-118D8DC5CF6F}
	EndGlobalSection
EndGlobal
